// !$*UTF8*$!
{
	archiveVersion = 1;
	classes = {
	};
	objectVersion = 46;
	objects = {

/* Begin PBXGroup section */
		EDEE97F91AA3064E00622549 = {
			isa = PBXGroup;
			children = (
			);
			sourceTree = "<group>";
		};
/* End PBXGroup section */

/* Begin PBXProject section */
		EDEE97FA1AA3064E00622549 /* Project object */ = {
			isa = PBXProject;
			attributes = {
				LastUpgradeCheck = 0630;
			};
			buildConfigurationList = EDEE97FD1AA3064E00622549 /* Build configuration list for PBXProject "JenkinsApp.Core" */;
			compatibilityVersion = "Xcode 3.2";
			developmentRegion = English;
			hasScannedForEncodings = 0;
			knownRegions = (
				en,
			);
			mainGroup = EDEE97F91AA3064E00622549;
			projectDirPath = "";
			projectRoot = "";
			targets = (
			);
		};
/* End PBXProject section */

/* Begin XCBuildConfiguration section */
		EDEE97FE1AA3064E00622549 /* Debug */ = {
			isa = XCBuildConfiguration;
			buildSettings = {
			};
			name = Debug;
		};
		EDEE97FF1AA3064E00622549 /* Release */ = {
			isa = XCBuildConfiguration;
			buildSettings = {
			};
			name = Release;
		};
/* End XCBuildConfiguration section */

/* Begin XCConfigurationList section */
		EDEE97FD1AA3064E00622549 /* Build configuration list for PBXProject "JenkinsApp.Core" */ = {
			isa = XCConfigurationList;
			buildConfigurations = (
				EDEE97FE1AA3064E00622549 /* Debug */,
				EDEE97FF1AA3064E00622549 /* Release */,
			);
			defaultConfigurationIsVisible = 0;
			defaultConfigurationName = Release;
		};
/* End XCConfigurationList section */
	};
	rootObject = EDEE97FA1AA3064E00622549 /* Project object */;
}
